// !$*UTF8*$!
{
	archiveVersion = 1;
	classes = {
	};
	objectVersion = 56;
	objects = {

/* Begin PBXBuildFile section */
		32C7518F2B920AFC00C2F47B /* AppDelegate.swift in Sources */ = {isa = PBXBuildFile; fileRef = 32C7518E2B920AFC00C2F47B /* AppDelegate.swift */; };
		32C751912B920AFC00C2F47B /* SceneDelegate.swift in Sources */ = {isa = PBXBuildFile; fileRef = 32C751902B920AFC00C2F47B /* SceneDelegate.swift */; };
		32C751932B920AFC00C2F47B /* RandomBoxesViewController.swift in Sources */ = {isa = PBXBuildFile; fileRef = 32C751922B920AFC00C2F47B /* RandomBoxesViewController.swift */; };
		32C751982B920AFD00C2F47B /* Assets.xcassets in Resources */ = {isa = PBXBuildFile; fileRef = 32C751972B920AFD00C2F47B /* Assets.xcassets */; };
		32C7519B2B920AFD00C2F47B /* LaunchScreen.storyboard in Resources */ = {isa = PBXBuildFile; fileRef = 32C751992B920AFD00C2F47B /* LaunchScreen.storyboard */; };
		32C751A62B920AFD00C2F47B /* RandomBoxesTests.swift in Sources */ = {isa = PBXBuildFile; fileRef = 32C751A52B920AFD00C2F47B /* RandomBoxesTests.swift */; };
		32C751B02B920AFD00C2F47B /* RandomBoxesUITests.swift in Sources */ = {isa = PBXBuildFile; fileRef = 32C751AF2B920AFD00C2F47B /* RandomBoxesUITests.swift */; };
		32C751B22B920AFD00C2F47B /* RandomBoxesUITestsLaunchTests.swift in Sources */ = {isa = PBXBuildFile; fileRef = 32C751B12B920AFD00C2F47B /* RandomBoxesUITestsLaunchTests.swift */; };
		32C751C52B920B2000C2F47B /* RandomBoxesSwiftUIApp.swift in Sources */ = {isa = PBXBuildFile; fileRef = 32C751C42B920B2000C2F47B /* RandomBoxesSwiftUIApp.swift */; };
		32C751C72B920B2000C2F47B /* ContentView.swift in Sources */ = {isa = PBXBuildFile; fileRef = 32C751C62B920B2000C2F47B /* ContentView.swift */; };
		32C751C92B920B2000C2F47B /* Assets.xcassets in Resources */ = {isa = PBXBuildFile; fileRef = 32C751C82B920B2000C2F47B /* Assets.xcassets */; };
		32C751CC2B920B2000C2F47B /* Preview Assets.xcassets in Resources */ = {isa = PBXBuildFile; fileRef = 32C751CB2B920B2000C2F47B /* Preview Assets.xcassets */; };
		32C751D62B920B2000C2F47B /* RandomBoxesSwiftUITests.swift in Sources */ = {isa = PBXBuildFile; fileRef = 32C751D52B920B2000C2F47B /* RandomBoxesSwiftUITests.swift */; };
		32C751E02B920B2000C2F47B /* RandomBoxesSwiftUIUITests.swift in Sources */ = {isa = PBXBuildFile; fileRef = 32C751DF2B920B2000C2F47B /* RandomBoxesSwiftUIUITests.swift */; };
		32C751E22B920B2000C2F47B /* RandomBoxesSwiftUIUITestsLaunchTests.swift in Sources */ = {isa = PBXBuildFile; fileRef = 32C751E12B920B2000C2F47B /* RandomBoxesSwiftUIUITestsLaunchTests.swift */; };
		32C7521B2B93461F00C2F47B /* RandomBoxCollectionViewCell.swift in Sources */ = {isa = PBXBuildFile; fileRef = 32C7521A2B93461F00C2F47B /* RandomBoxCollectionViewCell.swift */; };
		32C7521F2B93564000C2F47B /* RandomBoxTableViewCell.swift in Sources */ = {isa = PBXBuildFile; fileRef = 32C7521E2B93564000C2F47B /* RandomBoxTableViewCell.swift */; };
		32C752212B936A1200C2F47B /* RandomBoxSubview.swift in Sources */ = {isa = PBXBuildFile; fileRef = 32C752202B936A1200C2F47B /* RandomBoxSubview.swift */; };
		32C752232B936A2B00C2F47B /* RandomBoxSection.swift in Sources */ = {isa = PBXBuildFile; fileRef = 32C752222B936A2B00C2F47B /* RandomBoxSection.swift */; };
		32C752252B936BF000C2F47B /* RandomBoxSubviewViewModel.swift in Sources */ = {isa = PBXBuildFile; fileRef = 32C752242B936BEF00C2F47B /* RandomBoxSubviewViewModel.swift */; };
		32C752272B93701800C2F47B /* BoxButtonStyle.swift in Sources */ = {isa = PBXBuildFile; fileRef = 32C752262B93701800C2F47B /* BoxButtonStyle.swift */; };
/* End PBXBuildFile section */

/* Begin PBXContainerItemProxy section */
		32C751A22B920AFD00C2F47B /* PBXContainerItemProxy */ = {
			isa = PBXContainerItemProxy;
			containerPortal = 32C751832B920AFC00C2F47B /* Project object */;
			proxyType = 1;
			remoteGlobalIDString = 32C7518A2B920AFC00C2F47B;
			remoteInfo = RandomBoxes;
		};
		32C751AC2B920AFD00C2F47B /* PBXContainerItemProxy */ = {
			isa = PBXContainerItemProxy;
			containerPortal = 32C751832B920AFC00C2F47B /* Project object */;
			proxyType = 1;
			remoteGlobalIDString = 32C7518A2B920AFC00C2F47B;
			remoteInfo = RandomBoxes;
		};
		32C751D22B920B2000C2F47B /* PBXContainerItemProxy */ = {
			isa = PBXContainerItemProxy;
			containerPortal = 32C751832B920AFC00C2F47B /* Project object */;
			proxyType = 1;
			remoteGlobalIDString = 32C751C12B920B1F00C2F47B;
			remoteInfo = RandomBoxesSwiftUI;
		};
		32C751DC2B920B2000C2F47B /* PBXContainerItemProxy */ = {
			isa = PBXContainerItemProxy;
			containerPortal = 32C751832B920AFC00C2F47B /* Project object */;
			proxyType = 1;
			remoteGlobalIDString = 32C751C12B920B1F00C2F47B;
			remoteInfo = RandomBoxesSwiftUI;
		};
/* End PBXContainerItemProxy section */

/* Begin PBXFileReference section */
		32C7518B2B920AFC00C2F47B /* RandomBoxes.app */ = {isa = PBXFileReference; explicitFileType = wrapper.application; includeInIndex = 0; path = RandomBoxes.app; sourceTree = BUILT_PRODUCTS_DIR; };
		32C7518E2B920AFC00C2F47B /* AppDelegate.swift */ = {isa = PBXFileReference; lastKnownFileType = sourcecode.swift; path = AppDelegate.swift; sourceTree = "<group>"; };
		32C751902B920AFC00C2F47B /* SceneDelegate.swift */ = {isa = PBXFileReference; lastKnownFileType = sourcecode.swift; path = SceneDelegate.swift; sourceTree = "<group>"; };
		32C751922B920AFC00C2F47B /* RandomBoxesViewController.swift */ = {isa = PBXFileReference; lastKnownFileType = sourcecode.swift; path = RandomBoxesViewController.swift; sourceTree = "<group>"; };
		32C751972B920AFD00C2F47B /* Assets.xcassets */ = {isa = PBXFileReference; lastKnownFileType = folder.assetcatalog; path = Assets.xcassets; sourceTree = "<group>"; };
		32C7519A2B920AFD00C2F47B /* Base */ = {isa = PBXFileReference; lastKnownFileType = file.storyboard; name = Base; path = Base.lproj/LaunchScreen.storyboard; sourceTree = "<group>"; };
		32C7519C2B920AFD00C2F47B /* Info.plist */ = {isa = PBXFileReference; lastKnownFileType = text.plist.xml; path = Info.plist; sourceTree = "<group>"; };
		32C751A12B920AFD00C2F47B /* RandomBoxesTests.xctest */ = {isa = PBXFileReference; explicitFileType = wrapper.cfbundle; includeInIndex = 0; path = RandomBoxesTests.xctest; sourceTree = BUILT_PRODUCTS_DIR; };
		32C751A52B920AFD00C2F47B /* RandomBoxesTests.swift */ = {isa = PBXFileReference; lastKnownFileType = sourcecode.swift; path = RandomBoxesTests.swift; sourceTree = "<group>"; };
		32C751AB2B920AFD00C2F47B /* RandomBoxesUITests.xctest */ = {isa = PBXFileReference; explicitFileType = wrapper.cfbundle; includeInIndex = 0; path = RandomBoxesUITests.xctest; sourceTree = BUILT_PRODUCTS_DIR; };
		32C751AF2B920AFD00C2F47B /* RandomBoxesUITests.swift */ = {isa = PBXFileReference; lastKnownFileType = sourcecode.swift; path = RandomBoxesUITests.swift; sourceTree = "<group>"; };
		32C751B12B920AFD00C2F47B /* RandomBoxesUITestsLaunchTests.swift */ = {isa = PBXFileReference; lastKnownFileType = sourcecode.swift; path = RandomBoxesUITestsLaunchTests.swift; sourceTree = "<group>"; };
		32C751C22B920B1F00C2F47B /* RandomBoxesSwiftUI.app */ = {isa = PBXFileReference; explicitFileType = wrapper.application; includeInIndex = 0; path = RandomBoxesSwiftUI.app; sourceTree = BUILT_PRODUCTS_DIR; };
		32C751C42B920B2000C2F47B /* RandomBoxesSwiftUIApp.swift */ = {isa = PBXFileReference; lastKnownFileType = sourcecode.swift; path = RandomBoxesSwiftUIApp.swift; sourceTree = "<group>"; };
		32C751C62B920B2000C2F47B /* ContentView.swift */ = {isa = PBXFileReference; lastKnownFileType = sourcecode.swift; path = ContentView.swift; sourceTree = "<group>"; };
		32C751C82B920B2000C2F47B /* Assets.xcassets */ = {isa = PBXFileReference; lastKnownFileType = folder.assetcatalog; path = Assets.xcassets; sourceTree = "<group>"; };
		32C751CB2B920B2000C2F47B /* Preview Assets.xcassets */ = {isa = PBXFileReference; lastKnownFileType = folder.assetcatalog; path = "Preview Assets.xcassets"; sourceTree = "<group>"; };
		32C751D12B920B2000C2F47B /* RandomBoxesSwiftUITests.xctest */ = {isa = PBXFileReference; explicitFileType = wrapper.cfbundle; includeInIndex = 0; path = RandomBoxesSwiftUITests.xctest; sourceTree = BUILT_PRODUCTS_DIR; };
		32C751D52B920B2000C2F47B /* RandomBoxesSwiftUITests.swift */ = {isa = PBXFileReference; lastKnownFileType = sourcecode.swift; path = RandomBoxesSwiftUITests.swift; sourceTree = "<group>"; };
		32C751DB2B920B2000C2F47B /* RandomBoxesSwiftUIUITests.xctest */ = {isa = PBXFileReference; explicitFileType = wrapper.cfbundle; includeInIndex = 0; path = RandomBoxesSwiftUIUITests.xctest; sourceTree = BUILT_PRODUCTS_DIR; };
		32C751DF2B920B2000C2F47B /* RandomBoxesSwiftUIUITests.swift */ = {isa = PBXFileReference; lastKnownFileType = sourcecode.swift; path = RandomBoxesSwiftUIUITests.swift; sourceTree = "<group>"; };
		32C751E12B920B2000C2F47B /* RandomBoxesSwiftUIUITestsLaunchTests.swift */ = {isa = PBXFileReference; lastKnownFileType = sourcecode.swift; path = RandomBoxesSwiftUIUITestsLaunchTests.swift; sourceTree = "<group>"; };
		32C7521A2B93461F00C2F47B /* RandomBoxCollectionViewCell.swift */ = {isa = PBXFileReference; lastKnownFileType = sourcecode.swift; path = RandomBoxCollectionViewCell.swift; sourceTree = "<group>"; };
		32C7521E2B93564000C2F47B /* RandomBoxTableViewCell.swift */ = {isa = PBXFileReference; lastKnownFileType = sourcecode.swift; path = RandomBoxTableViewCell.swift; sourceTree = "<group>"; };
		32C752202B936A1200C2F47B /* RandomBoxSubview.swift */ = {isa = PBXFileReference; lastKnownFileType = sourcecode.swift; path = RandomBoxSubview.swift; sourceTree = "<group>"; };
		32C752222B936A2B00C2F47B /* RandomBoxSection.swift */ = {isa = PBXFileReference; lastKnownFileType = sourcecode.swift; path = RandomBoxSection.swift; sourceTree = "<group>"; };
		32C752242B936BEF00C2F47B /* RandomBoxSubviewViewModel.swift */ = {isa = PBXFileReference; lastKnownFileType = sourcecode.swift; path = RandomBoxSubviewViewModel.swift; sourceTree = "<group>"; };
		32C752262B93701800C2F47B /* BoxButtonStyle.swift */ = {isa = PBXFileReference; lastKnownFileType = sourcecode.swift; path = BoxButtonStyle.swift; sourceTree = "<group>"; };
/* End PBXFileReference section */

/* Begin PBXFrameworksBuildPhase section */
		32C751882B920AFC00C2F47B /* Frameworks */ = {
			isa = PBXFrameworksBuildPhase;
			buildActionMask = 2147483647;
			files = (
			);
			runOnlyForDeploymentPostprocessing = 0;
		};
		32C7519E2B920AFD00C2F47B /* Frameworks */ = {
			isa = PBXFrameworksBuildPhase;
			buildActionMask = 2147483647;
			files = (
			);
			runOnlyForDeploymentPostprocessing = 0;
		};
		32C751A82B920AFD00C2F47B /* Frameworks */ = {
			isa = PBXFrameworksBuildPhase;
			buildActionMask = 2147483647;
			files = (
			);
			runOnlyForDeploymentPostprocessing = 0;
		};
		32C751BF2B920B1F00C2F47B /* Frameworks */ = {
			isa = PBXFrameworksBuildPhase;
			buildActionMask = 2147483647;
			files = (
			);
			runOnlyForDeploymentPostprocessing = 0;
		};
		32C751CE2B920B2000C2F47B /* Frameworks */ = {
			isa = PBXFrameworksBuildPhase;
			buildActionMask = 2147483647;
			files = (
			);
			runOnlyForDeploymentPostprocessing = 0;
		};
		32C751D82B920B2000C2F47B /* Frameworks */ = {
			isa = PBXFrameworksBuildPhase;
			buildActionMask = 2147483647;
			files = (
			);
			runOnlyForDeploymentPostprocessing = 0;
		};
/* End PBXFrameworksBuildPhase section */

/* Begin PBXGroup section */
		32C751822B920AFC00C2F47B = {
			isa = PBXGroup;
			children = (
				32C7518D2B920AFC00C2F47B /* RandomBoxes */,
				32C751A42B920AFD00C2F47B /* RandomBoxesTests */,
				32C751AE2B920AFD00C2F47B /* RandomBoxesUITests */,
				32C751C32B920B2000C2F47B /* RandomBoxesSwiftUI */,
				32C751D42B920B2000C2F47B /* RandomBoxesSwiftUITests */,
				32C751DE2B920B2000C2F47B /* RandomBoxesSwiftUIUITests */,
				32C7518C2B920AFC00C2F47B /* Products */,
			);
			sourceTree = "<group>";
		};
		32C7518C2B920AFC00C2F47B /* Products */ = {
			isa = PBXGroup;
			children = (
				32C7518B2B920AFC00C2F47B /* RandomBoxes.app */,
				32C751A12B920AFD00C2F47B /* RandomBoxesTests.xctest */,
				32C751AB2B920AFD00C2F47B /* RandomBoxesUITests.xctest */,
				32C751C22B920B1F00C2F47B /* RandomBoxesSwiftUI.app */,
				32C751D12B920B2000C2F47B /* RandomBoxesSwiftUITests.xctest */,
				32C751DB2B920B2000C2F47B /* RandomBoxesSwiftUIUITests.xctest */,
			);
			name = Products;
			sourceTree = "<group>";
		};
		32C7518D2B920AFC00C2F47B /* RandomBoxes */ = {
			isa = PBXGroup;
			children = (
				32C7518E2B920AFC00C2F47B /* AppDelegate.swift */,
				32C751902B920AFC00C2F47B /* SceneDelegate.swift */,
				32C751922B920AFC00C2F47B /* RandomBoxesViewController.swift */,
				32C7521E2B93564000C2F47B /* RandomBoxTableViewCell.swift */,
				32C7521A2B93461F00C2F47B /* RandomBoxCollectionViewCell.swift */,
				32C751972B920AFD00C2F47B /* Assets.xcassets */,
				32C751992B920AFD00C2F47B /* LaunchScreen.storyboard */,
				32C7519C2B920AFD00C2F47B /* Info.plist */,
			);
			path = RandomBoxes;
			sourceTree = "<group>";
		};
		32C751A42B920AFD00C2F47B /* RandomBoxesTests */ = {
			isa = PBXGroup;
			children = (
				32C751A52B920AFD00C2F47B /* RandomBoxesTests.swift */,
			);
			path = RandomBoxesTests;
			sourceTree = "<group>";
		};
		32C751AE2B920AFD00C2F47B /* RandomBoxesUITests */ = {
			isa = PBXGroup;
			children = (
				32C751AF2B920AFD00C2F47B /* RandomBoxesUITests.swift */,
				32C751B12B920AFD00C2F47B /* RandomBoxesUITestsLaunchTests.swift */,
			);
			path = RandomBoxesUITests;
			sourceTree = "<group>";
		};
		32C751C32B920B2000C2F47B /* RandomBoxesSwiftUI */ = {
			isa = PBXGroup;
			children = (
				32C751C42B920B2000C2F47B /* RandomBoxesSwiftUIApp.swift */,
				32C751C62B920B2000C2F47B /* ContentView.swift */,
				32C752222B936A2B00C2F47B /* RandomBoxSection.swift */,
				32C752262B93701800C2F47B /* BoxButtonStyle.swift */,
				32C752202B936A1200C2F47B /* RandomBoxSubview.swift */,
				32C752242B936BEF00C2F47B /* RandomBoxSubviewViewModel.swift */,
				32C751C82B920B2000C2F47B /* Assets.xcassets */,
				32C751CA2B920B2000C2F47B /* Preview Content */,
			);
			path = RandomBoxesSwiftUI;
			sourceTree = "<group>";
		};
		32C751CA2B920B2000C2F47B /* Preview Content */ = {
			isa = PBXGroup;
			children = (
				32C751CB2B920B2000C2F47B /* Preview Assets.xcassets */,
			);
			path = "Preview Content";
			sourceTree = "<group>";
		};
		32C751D42B920B2000C2F47B /* RandomBoxesSwiftUITests */ = {
			isa = PBXGroup;
			children = (
				32C751D52B920B2000C2F47B /* RandomBoxesSwiftUITests.swift */,
			);
			path = RandomBoxesSwiftUITests;
			sourceTree = "<group>";
		};
		32C751DE2B920B2000C2F47B /* RandomBoxesSwiftUIUITests */ = {
			isa = PBXGroup;
			children = (
				32C751DF2B920B2000C2F47B /* RandomBoxesSwiftUIUITests.swift */,
				32C751E12B920B2000C2F47B /* RandomBoxesSwiftUIUITestsLaunchTests.swift */,
			);
			path = RandomBoxesSwiftUIUITests;
			sourceTree = "<group>";
		};
/* End PBXGroup section */

/* Begin PBXNativeTarget section */
		32C7518A2B920AFC00C2F47B /* RandomBoxes */ = {
			isa = PBXNativeTarget;
			buildConfigurationList = 32C751B52B920AFD00C2F47B /* Build configuration list for PBXNativeTarget "RandomBoxes" */;
			buildPhases = (
				32C751872B920AFC00C2F47B /* Sources */,
				32C751882B920AFC00C2F47B /* Frameworks */,
				32C751892B920AFC00C2F47B /* Resources */,
			);
			buildRules = (
			);
			dependencies = (
			);
			name = RandomBoxes;
			packageProductDependencies = (
			);
			productName = RandomBoxes;
			productReference = 32C7518B2B920AFC00C2F47B /* RandomBoxes.app */;
			productType = "com.apple.product-type.application";
		};
		32C751A02B920AFD00C2F47B /* RandomBoxesTests */ = {
			isa = PBXNativeTarget;
			buildConfigurationList = 32C751B82B920AFD00C2F47B /* Build configuration list for PBXNativeTarget "RandomBoxesTests" */;
			buildPhases = (
				32C7519D2B920AFD00C2F47B /* Sources */,
				32C7519E2B920AFD00C2F47B /* Frameworks */,
				32C7519F2B920AFD00C2F47B /* Resources */,
			);
			buildRules = (
			);
			dependencies = (
				32C751A32B920AFD00C2F47B /* PBXTargetDependency */,
			);
			name = RandomBoxesTests;
			productName = RandomBoxesTests;
			productReference = 32C751A12B920AFD00C2F47B /* RandomBoxesTests.xctest */;
			productType = "com.apple.product-type.bundle.unit-test";
		};
		32C751AA2B920AFD00C2F47B /* RandomBoxesUITests */ = {
			isa = PBXNativeTarget;
			buildConfigurationList = 32C751BB2B920AFD00C2F47B /* Build configuration list for PBXNativeTarget "RandomBoxesUITests" */;
			buildPhases = (
				32C751A72B920AFD00C2F47B /* Sources */,
				32C751A82B920AFD00C2F47B /* Frameworks */,
				32C751A92B920AFD00C2F47B /* Resources */,
			);
			buildRules = (
			);
			dependencies = (
				32C751AD2B920AFD00C2F47B /* PBXTargetDependency */,
			);
			name = RandomBoxesUITests;
			productName = RandomBoxesUITests;
			productReference = 32C751AB2B920AFD00C2F47B /* RandomBoxesUITests.xctest */;
			productType = "com.apple.product-type.bundle.ui-testing";
		};
		32C751C12B920B1F00C2F47B /* RandomBoxesSwiftUI */ = {
			isa = PBXNativeTarget;
			buildConfigurationList = 32C751E32B920B2000C2F47B /* Build configuration list for PBXNativeTarget "RandomBoxesSwiftUI" */;
			buildPhases = (
				32C751BE2B920B1F00C2F47B /* Sources */,
				32C751BF2B920B1F00C2F47B /* Frameworks */,
				32C751C02B920B1F00C2F47B /* Resources */,
			);
			buildRules = (
			);
			dependencies = (
			);
			name = RandomBoxesSwiftUI;
			productName = RandomBoxesSwiftUI;
			productReference = 32C751C22B920B1F00C2F47B /* RandomBoxesSwiftUI.app */;
			productType = "com.apple.product-type.application";
		};
		32C751D02B920B2000C2F47B /* RandomBoxesSwiftUITests */ = {
			isa = PBXNativeTarget;
			buildConfigurationList = 32C751E62B920B2000C2F47B /* Build configuration list for PBXNativeTarget "RandomBoxesSwiftUITests" */;
			buildPhases = (
				32C751CD2B920B2000C2F47B /* Sources */,
				32C751CE2B920B2000C2F47B /* Frameworks */,
				32C751CF2B920B2000C2F47B /* Resources */,
			);
			buildRules = (
			);
			dependencies = (
				32C751D32B920B2000C2F47B /* PBXTargetDependency */,
			);
			name = RandomBoxesSwiftUITests;
			productName = RandomBoxesSwiftUITests;
			productReference = 32C751D12B920B2000C2F47B /* RandomBoxesSwiftUITests.xctest */;
			productType = "com.apple.product-type.bundle.unit-test";
		};
		32C751DA2B920B2000C2F47B /* RandomBoxesSwiftUIUITests */ = {
			isa = PBXNativeTarget;
			buildConfigurationList = 32C751E92B920B2000C2F47B /* Build configuration list for PBXNativeTarget "RandomBoxesSwiftUIUITests" */;
			buildPhases = (
				32C751D72B920B2000C2F47B /* Sources */,
				32C751D82B920B2000C2F47B /* Frameworks */,
				32C751D92B920B2000C2F47B /* Resources */,
			);
			buildRules = (
			);
			dependencies = (
				32C751DD2B920B2000C2F47B /* PBXTargetDependency */,
			);
			name = RandomBoxesSwiftUIUITests;
			productName = RandomBoxesSwiftUIUITests;
			productReference = 32C751DB2B920B2000C2F47B /* RandomBoxesSwiftUIUITests.xctest */;
			productType = "com.apple.product-type.bundle.ui-testing";
		};
/* End PBXNativeTarget section */

/* Begin PBXProject section */
		32C751832B920AFC00C2F47B /* Project object */ = {
			isa = PBXProject;
			attributes = {
				BuildIndependentTargetsInParallel = 1;
				LastSwiftUpdateCheck = 1430;
				LastUpgradeCheck = 1430;
				TargetAttributes = {
					32C7518A2B920AFC00C2F47B = {
						CreatedOnToolsVersion = 14.3.1;
					};
					32C751A02B920AFD00C2F47B = {
						CreatedOnToolsVersion = 14.3.1;
						TestTargetID = 32C7518A2B920AFC00C2F47B;
					};
					32C751AA2B920AFD00C2F47B = {
						CreatedOnToolsVersion = 14.3.1;
						TestTargetID = 32C7518A2B920AFC00C2F47B;
					};
					32C751C12B920B1F00C2F47B = {
						CreatedOnToolsVersion = 14.3.1;
					};
					32C751D02B920B2000C2F47B = {
						CreatedOnToolsVersion = 14.3.1;
						TestTargetID = 32C751C12B920B1F00C2F47B;
					};
					32C751DA2B920B2000C2F47B = {
						CreatedOnToolsVersion = 14.3.1;
						TestTargetID = 32C751C12B920B1F00C2F47B;
					};
				};
			};
			buildConfigurationList = 32C751862B920AFC00C2F47B /* Build configuration list for PBXProject "RandomBoxes" */;
			compatibilityVersion = "Xcode 14.0";
			developmentRegion = en;
			hasScannedForEncodings = 0;
			knownRegions = (
				en,
				Base,
			);
			mainGroup = 32C751822B920AFC00C2F47B;
			packageReferences = (
			);
			productRefGroup = 32C7518C2B920AFC00C2F47B /* Products */;
			projectDirPath = "";
			projectRoot = "";
			targets = (
				32C7518A2B920AFC00C2F47B /* RandomBoxes */,
				32C751A02B920AFD00C2F47B /* RandomBoxesTests */,
				32C751AA2B920AFD00C2F47B /* RandomBoxesUITests */,
				32C751C12B920B1F00C2F47B /* RandomBoxesSwiftUI */,
				32C751D02B920B2000C2F47B /* RandomBoxesSwiftUITests */,
				32C751DA2B920B2000C2F47B /* RandomBoxesSwiftUIUITests */,
			);
		};
/* End PBXProject section */

/* Begin PBXResourcesBuildPhase section */
		32C751892B920AFC00C2F47B /* Resources */ = {
			isa = PBXResourcesBuildPhase;
			buildActionMask = 2147483647;
			files = (
				32C7519B2B920AFD00C2F47B /* LaunchScreen.storyboard in Resources */,
				32C751982B920AFD00C2F47B /* Assets.xcassets in Resources */,
			);
			runOnlyForDeploymentPostprocessing = 0;
		};
		32C7519F2B920AFD00C2F47B /* Resources */ = {
			isa = PBXResourcesBuildPhase;
			buildActionMask = 2147483647;
			files = (
			);
			runOnlyForDeploymentPostprocessing = 0;
		};
		32C751A92B920AFD00C2F47B /* Resources */ = {
			isa = PBXResourcesBuildPhase;
			buildActionMask = 2147483647;
			files = (
			);
			runOnlyForDeploymentPostprocessing = 0;
		};
		32C751C02B920B1F00C2F47B /* Resources */ = {
			isa = PBXResourcesBuildPhase;
			buildActionMask = 2147483647;
			files = (
				32C751CC2B920B2000C2F47B /* Preview Assets.xcassets in Resources */,
				32C751C92B920B2000C2F47B /* Assets.xcassets in Resources */,
			);
			runOnlyForDeploymentPostprocessing = 0;
		};
		32C751CF2B920B2000C2F47B /* Resources */ = {
			isa = PBXResourcesBuildPhase;
			buildActionMask = 2147483647;
			files = (
			);
			runOnlyForDeploymentPostprocessing = 0;
		};
		32C751D92B920B2000C2F47B /* Resources */ = {
			isa = PBXResourcesBuildPhase;
			buildActionMask = 2147483647;
			files = (
			);
			runOnlyForDeploymentPostprocessing = 0;
		};
/* End PBXResourcesBuildPhase section */

/* Begin PBXSourcesBuildPhase section */
		32C751872B920AFC00C2F47B /* Sources */ = {
			isa = PBXSourcesBuildPhase;
			buildActionMask = 2147483647;
			files = (
				32C751932B920AFC00C2F47B /* RandomBoxesViewController.swift in Sources */,
				32C7518F2B920AFC00C2F47B /* AppDelegate.swift in Sources */,
				32C7521F2B93564000C2F47B /* RandomBoxTableViewCell.swift in Sources */,
				32C751912B920AFC00C2F47B /* SceneDelegate.swift in Sources */,
				32C7521B2B93461F00C2F47B /* RandomBoxCollectionViewCell.swift in Sources */,
			);
			runOnlyForDeploymentPostprocessing = 0;
		};
		32C7519D2B920AFD00C2F47B /* Sources */ = {
			isa = PBXSourcesBuildPhase;
			buildActionMask = 2147483647;
			files = (
				32C751A62B920AFD00C2F47B /* RandomBoxesTests.swift in Sources */,
			);
			runOnlyForDeploymentPostprocessing = 0;
		};
		32C751A72B920AFD00C2F47B /* Sources */ = {
			isa = PBXSourcesBuildPhase;
			buildActionMask = 2147483647;
			files = (
				32C751B02B920AFD00C2F47B /* RandomBoxesUITests.swift in Sources */,
				32C751B22B920AFD00C2F47B /* RandomBoxesUITestsLaunchTests.swift in Sources */,
			);
			runOnlyForDeploymentPostprocessing = 0;
		};
		32C751BE2B920B1F00C2F47B /* Sources */ = {
			isa = PBXSourcesBuildPhase;
			buildActionMask = 2147483647;
			files = (
				32C752232B936A2B00C2F47B /* RandomBoxSection.swift in Sources */,
				32C751C72B920B2000C2F47B /* ContentView.swift in Sources */,
				32C752212B936A1200C2F47B /* RandomBoxSubview.swift in Sources */,
				32C752272B93701800C2F47B /* BoxButtonStyle.swift in Sources */,
				32C752252B936BF000C2F47B /* RandomBoxSubviewViewModel.swift in Sources */,
				32C751C52B920B2000C2F47B /* RandomBoxesSwiftUIApp.swift in Sources */,
			);
			runOnlyForDeploymentPostprocessing = 0;
		};
		32C751CD2B920B2000C2F47B /* Sources */ = {
			isa = PBXSourcesBuildPhase;
			buildActionMask = 2147483647;
			files = (
				32C751D62B920B2000C2F47B /* RandomBoxesSwiftUITests.swift in Sources */,
			);
			runOnlyForDeploymentPostprocessing = 0;
		};
		32C751D72B920B2000C2F47B /* Sources */ = {
			isa = PBXSourcesBuildPhase;
			buildActionMask = 2147483647;
			files = (
				32C751E02B920B2000C2F47B /* RandomBoxesSwiftUIUITests.swift in Sources */,
				32C751E22B920B2000C2F47B /* RandomBoxesSwiftUIUITestsLaunchTests.swift in Sources */,
			);
			runOnlyForDeploymentPostprocessing = 0;
		};
/* End PBXSourcesBuildPhase section */

/* Begin PBXTargetDependency section */
		32C751A32B920AFD00C2F47B /* PBXTargetDependency */ = {
			isa = PBXTargetDependency;
			target = 32C7518A2B920AFC00C2F47B /* RandomBoxes */;
			targetProxy = 32C751A22B920AFD00C2F47B /* PBXContainerItemProxy */;
		};
		32C751AD2B920AFD00C2F47B /* PBXTargetDependency */ = {
			isa = PBXTargetDependency;
			target = 32C7518A2B920AFC00C2F47B /* RandomBoxes */;
			targetProxy = 32C751AC2B920AFD00C2F47B /* PBXContainerItemProxy */;
		};
		32C751D32B920B2000C2F47B /* PBXTargetDependency */ = {
			isa = PBXTargetDependency;
			target = 32C751C12B920B1F00C2F47B /* RandomBoxesSwiftUI */;
			targetProxy = 32C751D22B920B2000C2F47B /* PBXContainerItemProxy */;
		};
		32C751DD2B920B2000C2F47B /* PBXTargetDependency */ = {
			isa = PBXTargetDependency;
			target = 32C751C12B920B1F00C2F47B /* RandomBoxesSwiftUI */;
			targetProxy = 32C751DC2B920B2000C2F47B /* PBXContainerItemProxy */;
		};
/* End PBXTargetDependency section */

/* Begin PBXVariantGroup section */
		32C751992B920AFD00C2F47B /* LaunchScreen.storyboard */ = {
			isa = PBXVariantGroup;
			children = (
				32C7519A2B920AFD00C2F47B /* Base */,
			);
			name = LaunchScreen.storyboard;
			sourceTree = "<group>";
		};
/* End PBXVariantGroup section */

/* Begin XCBuildConfiguration section */
		32C751B32B920AFD00C2F47B /* Debug */ = {
			isa = XCBuildConfiguration;
			buildSettings = {
				ALWAYS_SEARCH_USER_PATHS = NO;
				CLANG_ANALYZER_NONNULL = YES;
				CLANG_ANALYZER_NUMBER_OBJECT_CONVERSION = YES_AGGRESSIVE;
				CLANG_CXX_LANGUAGE_STANDARD = "gnu++20";
				CLANG_ENABLE_MODULES = YES;
				CLANG_ENABLE_OBJC_ARC = YES;
				CLANG_ENABLE_OBJC_WEAK = YES;
				CLANG_WARN_BLOCK_CAPTURE_AUTORELEASING = YES;
				CLANG_WARN_BOOL_CONVERSION = YES;
				CLANG_WARN_COMMA = YES;
				CLANG_WARN_CONSTANT_CONVERSION = YES;
				CLANG_WARN_DEPRECATED_OBJC_IMPLEMENTATIONS = YES;
				CLANG_WARN_DIRECT_OBJC_ISA_USAGE = YES_ERROR;
				CLANG_WARN_DOCUMENTATION_COMMENTS = YES;
				CLANG_WARN_EMPTY_BODY = YES;
				CLANG_WARN_ENUM_CONVERSION = YES;
				CLANG_WARN_INFINITE_RECURSION = YES;
				CLANG_WARN_INT_CONVERSION = YES;
				CLANG_WARN_NON_LITERAL_NULL_CONVERSION = YES;
				CLANG_WARN_OBJC_IMPLICIT_RETAIN_SELF = YES;
				CLANG_WARN_OBJC_LITERAL_CONVERSION = YES;
				CLANG_WARN_OBJC_ROOT_CLASS = YES_ERROR;
				CLANG_WARN_QUOTED_INCLUDE_IN_FRAMEWORK_HEADER = YES;
				CLANG_WARN_RANGE_LOOP_ANALYSIS = YES;
				CLANG_WARN_STRICT_PROTOTYPES = YES;
				CLANG_WARN_SUSPICIOUS_MOVE = YES;
				CLANG_WARN_UNGUARDED_AVAILABILITY = YES_AGGRESSIVE;
				CLANG_WARN_UNREACHABLE_CODE = YES;
				CLANG_WARN__DUPLICATE_METHOD_MATCH = YES;
				COPY_PHASE_STRIP = NO;
				DEBUG_INFORMATION_FORMAT = dwarf;
				ENABLE_STRICT_OBJC_MSGSEND = YES;
				ENABLE_TESTABILITY = YES;
				GCC_C_LANGUAGE_STANDARD = gnu11;
				GCC_DYNAMIC_NO_PIC = NO;
				GCC_NO_COMMON_BLOCKS = YES;
				GCC_OPTIMIZATION_LEVEL = 0;
				GCC_PREPROCESSOR_DEFINITIONS = (
					"DEBUG=1",
					"$(inherited)",
				);
				GCC_WARN_64_TO_32_BIT_CONVERSION = YES;
				GCC_WARN_ABOUT_RETURN_TYPE = YES_ERROR;
				GCC_WARN_UNDECLARED_SELECTOR = YES;
				GCC_WARN_UNINITIALIZED_AUTOS = YES_AGGRESSIVE;
				GCC_WARN_UNUSED_FUNCTION = YES;
				GCC_WARN_UNUSED_VARIABLE = YES;
				IPHONEOS_DEPLOYMENT_TARGET = 14.0;
				MTL_ENABLE_DEBUG_INFO = INCLUDE_SOURCE;
				MTL_FAST_MATH = YES;
				ONLY_ACTIVE_ARCH = YES;
				SDKROOT = iphoneos;
				SWIFT_ACTIVE_COMPILATION_CONDITIONS = DEBUG;
				SWIFT_OPTIMIZATION_LEVEL = "-Onone";
			};
			name = Debug;
		};
		32C751B42B920AFD00C2F47B /* Release */ = {
			isa = XCBuildConfiguration;
			buildSettings = {
				ALWAYS_SEARCH_USER_PATHS = NO;
				CLANG_ANALYZER_NONNULL = YES;
				CLANG_ANALYZER_NUMBER_OBJECT_CONVERSION = YES_AGGRESSIVE;
				CLANG_CXX_LANGUAGE_STANDARD = "gnu++20";
				CLANG_ENABLE_MODULES = YES;
				CLANG_ENABLE_OBJC_ARC = YES;
				CLANG_ENABLE_OBJC_WEAK = YES;
				CLANG_WARN_BLOCK_CAPTURE_AUTORELEASING = YES;
				CLANG_WARN_BOOL_CONVERSION = YES;
				CLANG_WARN_COMMA = YES;
				CLANG_WARN_CONSTANT_CONVERSION = YES;
				CLANG_WARN_DEPRECATED_OBJC_IMPLEMENTATIONS = YES;
				CLANG_WARN_DIRECT_OBJC_ISA_USAGE = YES_ERROR;
				CLANG_WARN_DOCUMENTATION_COMMENTS = YES;
				CLANG_WARN_EMPTY_BODY = YES;
				CLANG_WARN_ENUM_CONVERSION = YES;
				CLANG_WARN_INFINITE_RECURSION = YES;
				CLANG_WARN_INT_CONVERSION = YES;
				CLANG_WARN_NON_LITERAL_NULL_CONVERSION = YES;
				CLANG_WARN_OBJC_IMPLICIT_RETAIN_SELF = YES;
				CLANG_WARN_OBJC_LITERAL_CONVERSION = YES;
				CLANG_WARN_OBJC_ROOT_CLASS = YES_ERROR;
				CLANG_WARN_QUOTED_INCLUDE_IN_FRAMEWORK_HEADER = YES;
				CLANG_WARN_RANGE_LOOP_ANALYSIS = YES;
				CLANG_WARN_STRICT_PROTOTYPES = YES;
				CLANG_WARN_SUSPICIOUS_MOVE = YES;
				CLANG_WARN_UNGUARDED_AVAILABILITY = YES_AGGRESSIVE;
				CLANG_WARN_UNREACHABLE_CODE = YES;
				CLANG_WARN__DUPLICATE_METHOD_MATCH = YES;
				COPY_PHASE_STRIP = NO;
				DEBUG_INFORMATION_FORMAT = "dwarf-with-dsym";
				ENABLE_NS_ASSERTIONS = NO;
				ENABLE_STRICT_OBJC_MSGSEND = YES;
				GCC_C_LANGUAGE_STANDARD = gnu11;
				GCC_NO_COMMON_BLOCKS = YES;
				GCC_WARN_64_TO_32_BIT_CONVERSION = YES;
				GCC_WARN_ABOUT_RETURN_TYPE = YES_ERROR;
				GCC_WARN_UNDECLARED_SELECTOR = YES;
				GCC_WARN_UNINITIALIZED_AUTOS = YES_AGGRESSIVE;
				GCC_WARN_UNUSED_FUNCTION = YES;
				GCC_WARN_UNUSED_VARIABLE = YES;
				IPHONEOS_DEPLOYMENT_TARGET = 14.0;
				MTL_ENABLE_DEBUG_INFO = NO;
				MTL_FAST_MATH = YES;
				SDKROOT = iphoneos;
				SWIFT_COMPILATION_MODE = wholemodule;
				SWIFT_OPTIMIZATION_LEVEL = "-O";
				VALIDATE_PRODUCT = YES;
			};
			name = Release;
		};
		32C751B62B920AFD00C2F47B /* Debug */ = {
			isa = XCBuildConfiguration;
			buildSettings = {
				ASSETCATALOG_COMPILER_APPICON_NAME = AppIcon;
				ASSETCATALOG_COMPILER_GLOBAL_ACCENT_COLOR_NAME = AccentColor;
				CODE_SIGN_STYLE = Automatic;
				CURRENT_PROJECT_VERSION = 1;
				DEVELOPMENT_TEAM = XU5B4ATS44;
				GENERATE_INFOPLIST_FILE = YES;
				INFOPLIST_FILE = RandomBoxes/Info.plist;
				INFOPLIST_KEY_UIApplicationSupportsIndirectInputEvents = YES;
				INFOPLIST_KEY_UILaunchStoryboardName = LaunchScreen;
				INFOPLIST_KEY_UISupportedInterfaceOrientations = UIInterfaceOrientationPortrait;
				LD_RUNPATH_SEARCH_PATHS = (
					"$(inherited)",
					"@executable_path/Frameworks",
				);
				MARKETING_VERSION = 1.0;
				PRODUCT_BUNDLE_IDENTIFIER = ru.at.for.Interview.RandomBoxes;
				PRODUCT_NAME = "$(TARGET_NAME)";
				SUPPORTED_PLATFORMS = "iphoneos iphonesimulator";
				SUPPORTS_MACCATALYST = NO;
				SUPPORTS_MAC_DESIGNED_FOR_IPHONE_IPAD = YES;
				SWIFT_EMIT_LOC_STRINGS = YES;
				SWIFT_VERSION = 5.0;
				TARGETED_DEVICE_FAMILY = 1;
			};
			name = Debug;
		};
		32C751B72B920AFD00C2F47B /* Release */ = {
			isa = XCBuildConfiguration;
			buildSettings = {
				ASSETCATALOG_COMPILER_APPICON_NAME = AppIcon;
				ASSETCATALOG_COMPILER_GLOBAL_ACCENT_COLOR_NAME = AccentColor;
				CODE_SIGN_STYLE = Automatic;
				CURRENT_PROJECT_VERSION = 1;
				DEVELOPMENT_TEAM = XU5B4ATS44;
				GENERATE_INFOPLIST_FILE = YES;
				INFOPLIST_FILE = RandomBoxes/Info.plist;
				INFOPLIST_KEY_UIApplicationSupportsIndirectInputEvents = YES;
				INFOPLIST_KEY_UILaunchStoryboardName = LaunchScreen;
				INFOPLIST_KEY_UISupportedInterfaceOrientations = UIInterfaceOrientationPortrait;
				LD_RUNPATH_SEARCH_PATHS = (
					"$(inherited)",
					"@executable_path/Frameworks",
				);
				MARKETING_VERSION = 1.0;
				PRODUCT_BUNDLE_IDENTIFIER = ru.at.for.Interview.RandomBoxes;
				PRODUCT_NAME = "$(TARGET_NAME)";
				SUPPORTED_PLATFORMS = "iphoneos iphonesimulator";
				SUPPORTS_MACCATALYST = NO;
				SUPPORTS_MAC_DESIGNED_FOR_IPHONE_IPAD = YES;
				SWIFT_EMIT_LOC_STRINGS = YES;
				SWIFT_VERSION = 5.0;
				TARGETED_DEVICE_FAMILY = 1;
			};
			name = Release;
		};
		32C751B92B920AFD00C2F47B /* Debug */ = {
			isa = XCBuildConfiguration;
			buildSettings = {
				ALWAYS_EMBED_SWIFT_STANDARD_LIBRARIES = YES;
				BUNDLE_LOADER = "$(TEST_HOST)";
				CODE_SIGN_STYLE = Automatic;
				CURRENT_PROJECT_VERSION = 1;
				DEVELOPMENT_TEAM = XU5B4ATS44;
				GENERATE_INFOPLIST_FILE = YES;
				IPHONEOS_DEPLOYMENT_TARGET = 14.0;
				MARKETING_VERSION = 1.0;
				PRODUCT_BUNDLE_IDENTIFIER = ru.at.for.Interview.RandomBoxesTests;
				PRODUCT_NAME = "$(TARGET_NAME)";
				SWIFT_EMIT_LOC_STRINGS = NO;
				SWIFT_VERSION = 5.0;
				TARGETED_DEVICE_FAMILY = "1,2";
				TEST_HOST = "$(BUILT_PRODUCTS_DIR)/RandomBoxes.app/$(BUNDLE_EXECUTABLE_FOLDER_PATH)/RandomBoxes";
			};
			name = Debug;
		};
		32C751BA2B920AFD00C2F47B /* Release */ = {
			isa = XCBuildConfiguration;
			buildSettings = {
				ALWAYS_EMBED_SWIFT_STANDARD_LIBRARIES = YES;
				BUNDLE_LOADER = "$(TEST_HOST)";
				CODE_SIGN_STYLE = Automatic;
				CURRENT_PROJECT_VERSION = 1;
				DEVELOPMENT_TEAM = XU5B4ATS44;
				GENERATE_INFOPLIST_FILE = YES;
				IPHONEOS_DEPLOYMENT_TARGET = 14.0;
				MARKETING_VERSION = 1.0;
				PRODUCT_BUNDLE_IDENTIFIER = ru.at.for.Interview.RandomBoxesTests;
				PRODUCT_NAME = "$(TARGET_NAME)";
				SWIFT_EMIT_LOC_STRINGS = NO;
				SWIFT_VERSION = 5.0;
				TARGETED_DEVICE_FAMILY = "1,2";
				TEST_HOST = "$(BUILT_PRODUCTS_DIR)/RandomBoxes.app/$(BUNDLE_EXECUTABLE_FOLDER_PATH)/RandomBoxes";
			};
			name = Release;
		};
		32C751BC2B920AFD00C2F47B /* Debug */ = {
			isa = XCBuildConfiguration;
			buildSettings = {
				ALWAYS_EMBED_SWIFT_STANDARD_LIBRARIES = YES;
				CODE_SIGN_STYLE = Automatic;
				CURRENT_PROJECT_VERSION = 1;
				DEVELOPMENT_TEAM = XU5B4ATS44;
				GENERATE_INFOPLIST_FILE = YES;
				MARKETING_VERSION = 1.0;
				PRODUCT_BUNDLE_IDENTIFIER = ru.at.for.Interview.RandomBoxesUITests;
				PRODUCT_NAME = "$(TARGET_NAME)";
				SWIFT_EMIT_LOC_STRINGS = NO;
				SWIFT_VERSION = 5.0;
				TARGETED_DEVICE_FAMILY = "1,2";
				TEST_TARGET_NAME = RandomBoxes;
			};
			name = Debug;
		};
		32C751BD2B920AFD00C2F47B /* Release */ = {
			isa = XCBuildConfiguration;
			buildSettings = {
				ALWAYS_EMBED_SWIFT_STANDARD_LIBRARIES = YES;
				CODE_SIGN_STYLE = Automatic;
				CURRENT_PROJECT_VERSION = 1;
				DEVELOPMENT_TEAM = XU5B4ATS44;
				GENERATE_INFOPLIST_FILE = YES;
				MARKETING_VERSION = 1.0;
				PRODUCT_BUNDLE_IDENTIFIER = ru.at.for.Interview.RandomBoxesUITests;
				PRODUCT_NAME = "$(TARGET_NAME)";
				SWIFT_EMIT_LOC_STRINGS = NO;
				SWIFT_VERSION = 5.0;
				TARGETED_DEVICE_FAMILY = "1,2";
				TEST_TARGET_NAME = RandomBoxes;
			};
			name = Release;
		};
		32C751E42B920B2000C2F47B /* Debug */ = {
			isa = XCBuildConfiguration;
			buildSettings = {
				ASSETCATALOG_COMPILER_APPICON_NAME = AppIcon;
				ASSETCATALOG_COMPILER_GLOBAL_ACCENT_COLOR_NAME = AccentColor;
				CODE_SIGN_STYLE = Automatic;
				CURRENT_PROJECT_VERSION = 1;
				DEVELOPMENT_ASSET_PATHS = "\"RandomBoxesSwiftUI/Preview Content\"";
				DEVELOPMENT_TEAM = XU5B4ATS44;
				ENABLE_PREVIEWS = YES;
				GENERATE_INFOPLIST_FILE = YES;
				INFOPLIST_KEY_UIApplicationSceneManifest_Generation = YES;
				INFOPLIST_KEY_UIApplicationSupportsIndirectInputEvents = YES;
				INFOPLIST_KEY_UILaunchScreen_Generation = YES;
				INFOPLIST_KEY_UISupportedInterfaceOrientations = UIInterfaceOrientationPortrait;
				INFOPLIST_KEY_UISupportedInterfaceOrientations_iPad = "UIInterfaceOrientationLandscapeLeft UIInterfaceOrientationLandscapeRight UIInterfaceOrientationPortrait UIInterfaceOrientationPortraitUpsideDown";
				LD_RUNPATH_SEARCH_PATHS = (
					"$(inherited)",
					"@executable_path/Frameworks",
				);
				MARKETING_VERSION = 1.0;
				PRODUCT_BUNDLE_IDENTIFIER = ru.at.for.Interview.RandomBoxesSwiftUI;
				PRODUCT_NAME = "$(TARGET_NAME)";
				SUPPORTED_PLATFORMS = "iphoneos iphonesimulator";
				SUPPORTS_MACCATALYST = NO;
				SUPPORTS_MAC_DESIGNED_FOR_IPHONE_IPAD = YES;
				SWIFT_EMIT_LOC_STRINGS = YES;
				SWIFT_VERSION = 5.0;
				TARGETED_DEVICE_FAMILY = 1;
			};
			name = Debug;
		};
		32C751E52B920B2000C2F47B /* Release */ = {
			isa = XCBuildConfiguration;
			buildSettings = {
				ASSETCATALOG_COMPILER_APPICON_NAME = AppIcon;
				ASSETCATALOG_COMPILER_GLOBAL_ACCENT_COLOR_NAME = AccentColor;
				CODE_SIGN_STYLE = Automatic;
				CURRENT_PROJECT_VERSION = 1;
				DEVELOPMENT_ASSET_PATHS = "\"RandomBoxesSwiftUI/Preview Content\"";
				DEVELOPMENT_TEAM = XU5B4ATS44;
				ENABLE_PREVIEWS = YES;
				GENERATE_INFOPLIST_FILE = YES;
				INFOPLIST_KEY_UIApplicationSceneManifest_Generation = YES;
				INFOPLIST_KEY_UIApplicationSupportsIndirectInputEvents = YES;
				INFOPLIST_KEY_UILaunchScreen_Generation = YES;
				INFOPLIST_KEY_UISupportedInterfaceOrientations = UIInterfaceOrientationPortrait;
				INFOPLIST_KEY_UISupportedInterfaceOrientations_iPad = "UIInterfaceOrientationLandscapeLeft UIInterfaceOrientationLandscapeRight UIInterfaceOrientationPortrait UIInterfaceOrientationPortraitUpsideDown";
				LD_RUNPATH_SEARCH_PATHS = (
					"$(inherited)",
					"@executable_path/Frameworks",
				);
				MARKETING_VERSION = 1.0;
				PRODUCT_BUNDLE_IDENTIFIER = ru.at.for.Interview.RandomBoxesSwiftUI;
				PRODUCT_NAME = "$(TARGET_NAME)";
				SUPPORTED_PLATFORMS = "iphoneos iphonesimulator";
				SUPPORTS_MACCATALYST = NO;
				SUPPORTS_MAC_DESIGNED_FOR_IPHONE_IPAD = YES;
				SWIFT_EMIT_LOC_STRINGS = YES;
				SWIFT_VERSION = 5.0;
				TARGETED_DEVICE_FAMILY = 1;
			};
			name = Release;
		};
		32C751E72B920B2000C2F47B /* Debug */ = {
			isa = XCBuildConfiguration;
			buildSettings = {
				ALWAYS_EMBED_SWIFT_STANDARD_LIBRARIES = YES;
				BUNDLE_LOADER = "$(TEST_HOST)";
				CODE_SIGN_STYLE = Automatic;
				CURRENT_PROJECT_VERSION = 1;
				DEVELOPMENT_TEAM = XU5B4ATS44;
				GENERATE_INFOPLIST_FILE = YES;
				IPHONEOS_DEPLOYMENT_TARGET = 14.0;
				MARKETING_VERSION = 1.0;
				PRODUCT_BUNDLE_IDENTIFIER = ru.at.for.Interview.RandomBoxesSwiftUITests;
				PRODUCT_NAME = "$(TARGET_NAME)";
				SWIFT_EMIT_LOC_STRINGS = NO;
				SWIFT_VERSION = 5.0;
				TARGETED_DEVICE_FAMILY = "1,2";
				TEST_HOST = "$(BUILT_PRODUCTS_DIR)/RandomBoxesSwiftUI.app/$(BUNDLE_EXECUTABLE_FOLDER_PATH)/RandomBoxesSwiftUI";
			};
			name = Debug;
		};
		32C751E82B920B2000C2F47B /* Release */ = {
			isa = XCBuildConfiguration;
			buildSettings = {
				ALWAYS_EMBED_SWIFT_STANDARD_LIBRARIES = YES;
				BUNDLE_LOADER = "$(TEST_HOST)";
				CODE_SIGN_STYLE = Automatic;
				CURRENT_PROJECT_VERSION = 1;
				DEVELOPMENT_TEAM = XU5B4ATS44;
				GENERATE_INFOPLIST_FILE = YES;
				IPHONEOS_DEPLOYMENT_TARGET = 14.0;
				MARKETING_VERSION = 1.0;
				PRODUCT_BUNDLE_IDENTIFIER = ru.at.for.Interview.RandomBoxesSwiftUITests;
				PRODUCT_NAME = "$(TARGET_NAME)";
				SWIFT_EMIT_LOC_STRINGS = NO;
				SWIFT_VERSION = 5.0;
				TARGETED_DEVICE_FAMILY = "1,2";
				TEST_HOST = "$(BUILT_PRODUCTS_DIR)/RandomBoxesSwiftUI.app/$(BUNDLE_EXECUTABLE_FOLDER_PATH)/RandomBoxesSwiftUI";
			};
			name = Release;
		};
		32C751EA2B920B2000C2F47B /* Debug */ = {
			isa = XCBuildConfiguration;
			buildSettings = {
				ALWAYS_EMBED_SWIFT_STANDARD_LIBRARIES = YES;
				CODE_SIGN_STYLE = Automatic;
				CURRENT_PROJECT_VERSION = 1;
				DEVELOPMENT_TEAM = XU5B4ATS44;
				GENERATE_INFOPLIST_FILE = YES;
				IPHONEOS_DEPLOYMENT_TARGET = 14.0;
				MARKETING_VERSION = 1.0;
				PRODUCT_BUNDLE_IDENTIFIER = ru.at.for.Interview.RandomBoxesSwiftUIUITests;
				PRODUCT_NAME = "$(TARGET_NAME)";
				SWIFT_EMIT_LOC_STRINGS = NO;
				SWIFT_VERSION = 5.0;
				TARGETED_DEVICE_FAMILY = "1,2";
				TEST_TARGET_NAME = RandomBoxesSwiftUI;
			};
			name = Debug;
		};
		32C751EB2B920B2000C2F47B /* Release */ = {
			isa = XCBuildConfiguration;
			buildSettings = {
				ALWAYS_EMBED_SWIFT_STANDARD_LIBRARIES = YES;
				CODE_SIGN_STYLE = Automatic;
				CURRENT_PROJECT_VERSION = 1;
				DEVELOPMENT_TEAM = XU5B4ATS44;
				GENERATE_INFOPLIST_FILE = YES;
				IPHONEOS_DEPLOYMENT_TARGET = 14.0;
				MARKETING_VERSION = 1.0;
				PRODUCT_BUNDLE_IDENTIFIER = ru.at.for.Interview.RandomBoxesSwiftUIUITests;
				PRODUCT_NAME = "$(TARGET_NAME)";
				SWIFT_EMIT_LOC_STRINGS = NO;
				SWIFT_VERSION = 5.0;
				TARGETED_DEVICE_FAMILY = "1,2";
				TEST_TARGET_NAME = RandomBoxesSwiftUI;
			};
			name = Release;
		};
/* End XCBuildConfiguration section */

/* Begin XCConfigurationList section */
		32C751862B920AFC00C2F47B /* Build configuration list for PBXProject "RandomBoxes" */ = {
			isa = XCConfigurationList;
			buildConfigurations = (
				32C751B32B920AFD00C2F47B /* Debug */,
				32C751B42B920AFD00C2F47B /* Release */,
			);
			defaultConfigurationIsVisible = 0;
			defaultConfigurationName = Release;
		};
		32C751B52B920AFD00C2F47B /* Build configuration list for PBXNativeTarget "RandomBoxes" */ = {
			isa = XCConfigurationList;
			buildConfigurations = (
				32C751B62B920AFD00C2F47B /* Debug */,
				32C751B72B920AFD00C2F47B /* Release */,
			);
			defaultConfigurationIsVisible = 0;
			defaultConfigurationName = Release;
		};
		32C751B82B920AFD00C2F47B /* Build configuration list for PBXNativeTarget "RandomBoxesTests" */ = {
			isa = XCConfigurationList;
			buildConfigurations = (
				32C751B92B920AFD00C2F47B /* Debug */,
				32C751BA2B920AFD00C2F47B /* Release */,
			);
			defaultConfigurationIsVisible = 0;
			defaultConfigurationName = Release;
		};
		32C751BB2B920AFD00C2F47B /* Build configuration list for PBXNativeTarget "RandomBoxesUITests" */ = {
			isa = XCConfigurationList;
			buildConfigurations = (
				32C751BC2B920AFD00C2F47B /* Debug */,
				32C751BD2B920AFD00C2F47B /* Release */,
			);
			defaultConfigurationIsVisible = 0;
			defaultConfigurationName = Release;
		};
		32C751E32B920B2000C2F47B /* Build configuration list for PBXNativeTarget "RandomBoxesSwiftUI" */ = {
			isa = XCConfigurationList;
			buildConfigurations = (
				32C751E42B920B2000C2F47B /* Debug */,
				32C751E52B920B2000C2F47B /* Release */,
			);
			defaultConfigurationIsVisible = 0;
			defaultConfigurationName = Release;
		};
		32C751E62B920B2000C2F47B /* Build configuration list for PBXNativeTarget "RandomBoxesSwiftUITests" */ = {
			isa = XCConfigurationList;
			buildConfigurations = (
				32C751E72B920B2000C2F47B /* Debug */,
				32C751E82B920B2000C2F47B /* Release */,
			);
			defaultConfigurationIsVisible = 0;
			defaultConfigurationName = Release;
		};
		32C751E92B920B2000C2F47B /* Build configuration list for PBXNativeTarget "RandomBoxesSwiftUIUITests" */ = {
			isa = XCConfigurationList;
			buildConfigurations = (
				32C751EA2B920B2000C2F47B /* Debug */,
				32C751EB2B920B2000C2F47B /* Release */,
			);
			defaultConfigurationIsVisible = 0;
			defaultConfigurationName = Release;
		};
/* End XCConfigurationList section */
	};
	rootObject = 32C751832B920AFC00C2F47B /* Project object */;
}
